// !$*UTF8*$!
{
	archiveVersion = 1;
	classes = {
	};
	objectVersion = 51;
	objects = {

/* Begin PBXBuildFile section */
		36B2FACF7B7B1C46DA093B41 /* Pods_NanaSocialNetwork.framework in Frameworks */ = {isa = PBXBuildFile; fileRef = 41052E09C98BFFEB225E7F02 /* Pods_NanaSocialNetwork.framework */; };
		8D0116852681D2A900DC3BE5 /* AppSession.swift in Sources */ = {isa = PBXBuildFile; fileRef = 8D0116842681D2A900DC3BE5 /* AppSession.swift */; };
		8D0116872681E17400DC3BE5 /* Keychain.swift in Sources */ = {isa = PBXBuildFile; fileRef = 8D0116862681E17400DC3BE5 /* Keychain.swift */; };
		8D01168A2681FBC000DC3BE5 /* ProfileViewController.swift in Sources */ = {isa = PBXBuildFile; fileRef = 8D0116892681FBC000DC3BE5 /* ProfileViewController.swift */; };
		8D01168C2681FBCD00DC3BE5 /* ProfileViewModel.swift in Sources */ = {isa = PBXBuildFile; fileRef = 8D01168B2681FBCD00DC3BE5 /* ProfileViewModel.swift */; };
		8D8358DF2681C88100E802FB /* CreatePostViewController.swift in Sources */ = {isa = PBXBuildFile; fileRef = 8D8358DE2681C88100E802FB /* CreatePostViewController.swift */; };
		8D8358E12681C89100E802FB /* CreatePostViewModel.swift in Sources */ = {isa = PBXBuildFile; fileRef = 8D8358E02681C89100E802FB /* CreatePostViewModel.swift */; };
		8DC140BF26816C2600366F08 /* ApiTests.swift in Sources */ = {isa = PBXBuildFile; fileRef = 8DC140BE26816C2600366F08 /* ApiTests.swift */; };
		8DC140C12681769D00366F08 /* AuthenticationManager.swift in Sources */ = {isa = PBXBuildFile; fileRef = 8DC140C02681769D00366F08 /* AuthenticationManager.swift */; };
		8DE6AFC5267E186300F39706 /* AppDelegate.swift in Sources */ = {isa = PBXBuildFile; fileRef = 8DE6AFC4267E186300F39706 /* AppDelegate.swift */; };
		8DE6AFC7267E186300F39706 /* SceneDelegate.swift in Sources */ = {isa = PBXBuildFile; fileRef = 8DE6AFC6267E186300F39706 /* SceneDelegate.swift */; };
		8DE6AFC9267E186300F39706 /* LoginViewController.swift in Sources */ = {isa = PBXBuildFile; fileRef = 8DE6AFC8267E186300F39706 /* LoginViewController.swift */; };
		8DE6AFCE267E186700F39706 /* Assets.xcassets in Resources */ = {isa = PBXBuildFile; fileRef = 8DE6AFCD267E186700F39706 /* Assets.xcassets */; };
		8DE6AFD1267E186700F39706 /* LaunchScreen.storyboard in Resources */ = {isa = PBXBuildFile; fileRef = 8DE6AFCF267E186700F39706 /* LaunchScreen.storyboard */; };
		8DE6AFE0267E208B00F39706 /* Onboarding.storyboard in Resources */ = {isa = PBXBuildFile; fileRef = 8DE6AFDF267E208B00F39706 /* Onboarding.storyboard */; };
		8DE6AFE2267E20AA00F39706 /* Colors.xcassets in Resources */ = {isa = PBXBuildFile; fileRef = 8DE6AFE1267E20AA00F39706 /* Colors.xcassets */; };
		8DE6AFE6267E215000F39706 /* Home.storyboard in Resources */ = {isa = PBXBuildFile; fileRef = 8DE6AFE5267E215000F39706 /* Home.storyboard */; };
		8DE6AFEA267EB0A500F39706 /* GoogleService-Info.plist in Resources */ = {isa = PBXBuildFile; fileRef = 8DE6AFE9267EB0A500F39706 /* GoogleService-Info.plist */; };
		8DE6AFED267EBC0900F39706 /* IBInspectables.swift in Sources */ = {isa = PBXBuildFile; fileRef = 8DE6AFEC267EBC0800F39706 /* IBInspectables.swift */; };
		8DE6AFF0267EC14E00F39706 /* LoginViewModel.swift in Sources */ = {isa = PBXBuildFile; fileRef = 8DE6AFEF267EC14E00F39706 /* LoginViewModel.swift */; };
		8DE6AFF3267EC28900F39706 /* AppTextField.swift in Sources */ = {isa = PBXBuildFile; fileRef = 8DE6AFF2267EC28900F39706 /* AppTextField.swift */; };
		8DE6AFF5267EC2D400F39706 /* UIView+Ex.swift in Sources */ = {isa = PBXBuildFile; fileRef = 8DE6AFF4267EC2D400F39706 /* UIView+Ex.swift */; };
		8DE6AFF7267EC33100F39706 /* UIColor+Style.swift in Sources */ = {isa = PBXBuildFile; fileRef = 8DE6AFF6267EC33100F39706 /* UIColor+Style.swift */; };
		8DE6AFF9267F39B300F39706 /* APIManager.swift in Sources */ = {isa = PBXBuildFile; fileRef = 8DE6AFF8267F39B300F39706 /* APIManager.swift */; };
		8DE6AFFC267F415E00F39706 /* String+Ex.swift in Sources */ = {isa = PBXBuildFile; fileRef = 8DE6AFFB267F415E00F39706 /* String+Ex.swift */; };
		8DE6AFFE267F41F900F39706 /* AppLoading.swift in Sources */ = {isa = PBXBuildFile; fileRef = 8DE6AFFD267F41F900F39706 /* AppLoading.swift */; };
		8DE6B002267F468300F39706 /* UIViewController+Ex.swift in Sources */ = {isa = PBXBuildFile; fileRef = 8DE6B001267F468300F39706 /* UIViewController+Ex.swift */; };
		8DE6B00A267F78C000F39706 /* LoginTests.swift in Sources */ = {isa = PBXBuildFile; fileRef = 8DE6B009267F78C000F39706 /* LoginTests.swift */; };
		8DE6B0172680233300F39706 /* AppUser.swift in Sources */ = {isa = PBXBuildFile; fileRef = 8DE6B0162680233200F39706 /* AppUser.swift */; };
		8DE6B0192680292400F39706 /* Error+Ex.swift in Sources */ = {isa = PBXBuildFile; fileRef = 8DE6B0182680292400F39706 /* Error+Ex.swift */; };
		8DE6B01C2680436800F39706 /* RegisterViewController.swift in Sources */ = {isa = PBXBuildFile; fileRef = 8DE6B01B2680436800F39706 /* RegisterViewController.swift */; };
		8DE6B01E2680437B00F39706 /* RegisterViewModel.swift in Sources */ = {isa = PBXBuildFile; fileRef = 8DE6B01D2680437B00F39706 /* RegisterViewModel.swift */; };
		8DE6B02126804B6D00F39706 /* AppRouter.swift in Sources */ = {isa = PBXBuildFile; fileRef = 8DE6B02026804B6D00F39706 /* AppRouter.swift */; };
		8DE6B023268067C900F39706 /* RegisterTests.swift in Sources */ = {isa = PBXBuildFile; fileRef = 8DE6B022268067C900F39706 /* RegisterTests.swift */; };
		8DE6B02726806C1F00F39706 /* FeedViewController.swift in Sources */ = {isa = PBXBuildFile; fileRef = 8DE6B02626806C1E00F39706 /* FeedViewController.swift */; };
		8DE6B02926806C3000F39706 /* FeedViewModel.swift in Sources */ = {isa = PBXBuildFile; fileRef = 8DE6B02826806C3000F39706 /* FeedViewModel.swift */; };
		8DE6B02B26806F9F00F39706 /* AppTabBarController.swift in Sources */ = {isa = PBXBuildFile; fileRef = 8DE6B02A26806F9F00F39706 /* AppTabBarController.swift */; };
		8DE6B02E268076B600F39706 /* FeedItem.swift in Sources */ = {isa = PBXBuildFile; fileRef = 8DE6B02D268076B500F39706 /* FeedItem.swift */; };
		8DE6B03326808D9400F39706 /* FeedItemCell.swift in Sources */ = {isa = PBXBuildFile; fileRef = 8DE6B03126808D9300F39706 /* FeedItemCell.swift */; };
		8DE6B03426808D9400F39706 /* FeedItemCell.xib in Resources */ = {isa = PBXBuildFile; fileRef = 8DE6B03226808D9300F39706 /* FeedItemCell.xib */; };
		8DE6B0362680951500F39706 /* NibInstanceable+Reuseable.swift in Sources */ = {isa = PBXBuildFile; fileRef = 8DE6B0352680951500F39706 /* NibInstanceable+Reuseable.swift */; };
		8DE6B0382680963900F39706 /* Date+Ex.swift in Sources */ = {isa = PBXBuildFile; fileRef = 8DE6B0372680963900F39706 /* Date+Ex.swift */; };
		E37B6020178EF22C4273A94D /* Pods_NanaSocialNetworkTests.framework in Frameworks */ = {isa = PBXBuildFile; fileRef = 1C382F8E5F281482C0DC2E6F /* Pods_NanaSocialNetworkTests.framework */; };
/* End PBXBuildFile section */

/* Begin PBXContainerItemProxy section */
		8DE6B00C267F78C000F39706 /* PBXContainerItemProxy */ = {
			isa = PBXContainerItemProxy;
			containerPortal = 8DE6AFB9267E186300F39706 /* Project object */;
			proxyType = 1;
			remoteGlobalIDString = 8DE6AFC0267E186300F39706;
			remoteInfo = NanaSocialNetwork;
		};
/* End PBXContainerItemProxy section */

/* Begin PBXFileReference section */
		1558D5485CAAB2AFE8374E53 /* Pods-NanaSocialNetworkTests.release.xcconfig */ = {isa = PBXFileReference; includeInIndex = 1; lastKnownFileType = text.xcconfig; name = "Pods-NanaSocialNetworkTests.release.xcconfig"; path = "Target Support Files/Pods-NanaSocialNetworkTests/Pods-NanaSocialNetworkTests.release.xcconfig"; sourceTree = "<group>"; };
		1C382F8E5F281482C0DC2E6F /* Pods_NanaSocialNetworkTests.framework */ = {isa = PBXFileReference; explicitFileType = wrapper.framework; includeInIndex = 0; path = Pods_NanaSocialNetworkTests.framework; sourceTree = BUILT_PRODUCTS_DIR; };
		3C53E1D909988D6405D2A814 /* Pods-NanaSocialNetwork.release.xcconfig */ = {isa = PBXFileReference; includeInIndex = 1; lastKnownFileType = text.xcconfig; name = "Pods-NanaSocialNetwork.release.xcconfig"; path = "Target Support Files/Pods-NanaSocialNetwork/Pods-NanaSocialNetwork.release.xcconfig"; sourceTree = "<group>"; };
		41052E09C98BFFEB225E7F02 /* Pods_NanaSocialNetwork.framework */ = {isa = PBXFileReference; explicitFileType = wrapper.framework; includeInIndex = 0; path = Pods_NanaSocialNetwork.framework; sourceTree = BUILT_PRODUCTS_DIR; };
		888879635B6A06E7BFAF9FA4 /* Pods-NanaSocialNetwork.debug.xcconfig */ = {isa = PBXFileReference; includeInIndex = 1; lastKnownFileType = text.xcconfig; name = "Pods-NanaSocialNetwork.debug.xcconfig"; path = "Target Support Files/Pods-NanaSocialNetwork/Pods-NanaSocialNetwork.debug.xcconfig"; sourceTree = "<group>"; };
		8D0116842681D2A900DC3BE5 /* AppSession.swift */ = {isa = PBXFileReference; lastKnownFileType = sourcecode.swift; path = AppSession.swift; sourceTree = "<group>"; };
		8D0116862681E17400DC3BE5 /* Keychain.swift */ = {isa = PBXFileReference; lastKnownFileType = sourcecode.swift; path = Keychain.swift; sourceTree = "<group>"; };
		8D0116892681FBC000DC3BE5 /* ProfileViewController.swift */ = {isa = PBXFileReference; lastKnownFileType = sourcecode.swift; path = ProfileViewController.swift; sourceTree = "<group>"; };
		8D01168B2681FBCD00DC3BE5 /* ProfileViewModel.swift */ = {isa = PBXFileReference; lastKnownFileType = sourcecode.swift; path = ProfileViewModel.swift; sourceTree = "<group>"; };
		8D8358DE2681C88100E802FB /* CreatePostViewController.swift */ = {isa = PBXFileReference; lastKnownFileType = sourcecode.swift; path = CreatePostViewController.swift; sourceTree = "<group>"; };
		8D8358E02681C89100E802FB /* CreatePostViewModel.swift */ = {isa = PBXFileReference; lastKnownFileType = sourcecode.swift; path = CreatePostViewModel.swift; sourceTree = "<group>"; };
		8DC140BE26816C2600366F08 /* ApiTests.swift */ = {isa = PBXFileReference; lastKnownFileType = sourcecode.swift; path = ApiTests.swift; sourceTree = "<group>"; };
		8DC140C02681769D00366F08 /* AuthenticationManager.swift */ = {isa = PBXFileReference; lastKnownFileType = sourcecode.swift; path = AuthenticationManager.swift; sourceTree = "<group>"; };
		8DE6AFC1267E186300F39706 /* NanaSocialNetwork.app */ = {isa = PBXFileReference; explicitFileType = wrapper.application; includeInIndex = 0; path = NanaSocialNetwork.app; sourceTree = BUILT_PRODUCTS_DIR; };
		8DE6AFC4267E186300F39706 /* AppDelegate.swift */ = {isa = PBXFileReference; lastKnownFileType = sourcecode.swift; path = AppDelegate.swift; sourceTree = "<group>"; };
		8DE6AFC6267E186300F39706 /* SceneDelegate.swift */ = {isa = PBXFileReference; lastKnownFileType = sourcecode.swift; path = SceneDelegate.swift; sourceTree = "<group>"; };
		8DE6AFC8267E186300F39706 /* LoginViewController.swift */ = {isa = PBXFileReference; lastKnownFileType = sourcecode.swift; path = LoginViewController.swift; sourceTree = "<group>"; };
		8DE6AFCD267E186700F39706 /* Assets.xcassets */ = {isa = PBXFileReference; lastKnownFileType = folder.assetcatalog; path = Assets.xcassets; sourceTree = "<group>"; };
		8DE6AFD0267E186700F39706 /* Base */ = {isa = PBXFileReference; lastKnownFileType = file.storyboard; name = Base; path = Base.lproj/LaunchScreen.storyboard; sourceTree = "<group>"; };
		8DE6AFD2267E186700F39706 /* Info.plist */ = {isa = PBXFileReference; lastKnownFileType = text.plist.xml; path = Info.plist; sourceTree = "<group>"; };
		8DE6AFDF267E208B00F39706 /* Onboarding.storyboard */ = {isa = PBXFileReference; lastKnownFileType = file.storyboard; path = Onboarding.storyboard; sourceTree = "<group>"; };
		8DE6AFE1267E20AA00F39706 /* Colors.xcassets */ = {isa = PBXFileReference; lastKnownFileType = folder.assetcatalog; path = Colors.xcassets; sourceTree = "<group>"; };
		8DE6AFE5267E215000F39706 /* Home.storyboard */ = {isa = PBXFileReference; lastKnownFileType = file.storyboard; path = Home.storyboard; sourceTree = "<group>"; };
		8DE6AFE9267EB0A500F39706 /* GoogleService-Info.plist */ = {isa = PBXFileReference; fileEncoding = 4; lastKnownFileType = text.plist.xml; path = "GoogleService-Info.plist"; sourceTree = "<group>"; };
		8DE6AFEC267EBC0800F39706 /* IBInspectables.swift */ = {isa = PBXFileReference; lastKnownFileType = sourcecode.swift; path = IBInspectables.swift; sourceTree = "<group>"; };
		8DE6AFEF267EC14E00F39706 /* LoginViewModel.swift */ = {isa = PBXFileReference; lastKnownFileType = sourcecode.swift; path = LoginViewModel.swift; sourceTree = "<group>"; };
		8DE6AFF2267EC28900F39706 /* AppTextField.swift */ = {isa = PBXFileReference; lastKnownFileType = sourcecode.swift; path = AppTextField.swift; sourceTree = "<group>"; };
		8DE6AFF4267EC2D400F39706 /* UIView+Ex.swift */ = {isa = PBXFileReference; lastKnownFileType = sourcecode.swift; path = "UIView+Ex.swift"; sourceTree = "<group>"; };
		8DE6AFF6267EC33100F39706 /* UIColor+Style.swift */ = {isa = PBXFileReference; lastKnownFileType = sourcecode.swift; path = "UIColor+Style.swift"; sourceTree = "<group>"; };
		8DE6AFF8267F39B300F39706 /* APIManager.swift */ = {isa = PBXFileReference; lastKnownFileType = sourcecode.swift; path = APIManager.swift; sourceTree = "<group>"; };
		8DE6AFFB267F415E00F39706 /* String+Ex.swift */ = {isa = PBXFileReference; lastKnownFileType = sourcecode.swift; path = "String+Ex.swift"; sourceTree = "<group>"; };
		8DE6AFFD267F41F900F39706 /* AppLoading.swift */ = {isa = PBXFileReference; lastKnownFileType = sourcecode.swift; path = AppLoading.swift; sourceTree = "<group>"; };
		8DE6B001267F468300F39706 /* UIViewController+Ex.swift */ = {isa = PBXFileReference; lastKnownFileType = sourcecode.swift; path = "UIViewController+Ex.swift"; sourceTree = "<group>"; };
		8DE6B007267F78BF00F39706 /* NanaSocialNetworkTests.xctest */ = {isa = PBXFileReference; explicitFileType = wrapper.cfbundle; includeInIndex = 0; path = NanaSocialNetworkTests.xctest; sourceTree = BUILT_PRODUCTS_DIR; };
		8DE6B009267F78C000F39706 /* LoginTests.swift */ = {isa = PBXFileReference; lastKnownFileType = sourcecode.swift; path = LoginTests.swift; sourceTree = "<group>"; };
		8DE6B00B267F78C000F39706 /* Info.plist */ = {isa = PBXFileReference; lastKnownFileType = text.plist.xml; path = Info.plist; sourceTree = "<group>"; };
		8DE6B0162680233200F39706 /* AppUser.swift */ = {isa = PBXFileReference; lastKnownFileType = sourcecode.swift; path = AppUser.swift; sourceTree = "<group>"; };
		8DE6B0182680292400F39706 /* Error+Ex.swift */ = {isa = PBXFileReference; lastKnownFileType = sourcecode.swift; path = "Error+Ex.swift"; sourceTree = "<group>"; };
		8DE6B01B2680436800F39706 /* RegisterViewController.swift */ = {isa = PBXFileReference; lastKnownFileType = sourcecode.swift; path = RegisterViewController.swift; sourceTree = "<group>"; };
		8DE6B01D2680437B00F39706 /* RegisterViewModel.swift */ = {isa = PBXFileReference; lastKnownFileType = sourcecode.swift; path = RegisterViewModel.swift; sourceTree = "<group>"; };
		8DE6B02026804B6D00F39706 /* AppRouter.swift */ = {isa = PBXFileReference; lastKnownFileType = sourcecode.swift; path = AppRouter.swift; sourceTree = "<group>"; };
		8DE6B022268067C900F39706 /* RegisterTests.swift */ = {isa = PBXFileReference; lastKnownFileType = sourcecode.swift; path = RegisterTests.swift; sourceTree = "<group>"; };
		8DE6B02626806C1E00F39706 /* FeedViewController.swift */ = {isa = PBXFileReference; lastKnownFileType = sourcecode.swift; path = FeedViewController.swift; sourceTree = "<group>"; };
		8DE6B02826806C3000F39706 /* FeedViewModel.swift */ = {isa = PBXFileReference; lastKnownFileType = sourcecode.swift; path = FeedViewModel.swift; sourceTree = "<group>"; };
		8DE6B02A26806F9F00F39706 /* AppTabBarController.swift */ = {isa = PBXFileReference; lastKnownFileType = sourcecode.swift; path = AppTabBarController.swift; sourceTree = "<group>"; };
		8DE6B02D268076B500F39706 /* FeedItem.swift */ = {isa = PBXFileReference; lastKnownFileType = sourcecode.swift; path = FeedItem.swift; sourceTree = "<group>"; };
		8DE6B03126808D9300F39706 /* FeedItemCell.swift */ = {isa = PBXFileReference; fileEncoding = 4; lastKnownFileType = sourcecode.swift; path = FeedItemCell.swift; sourceTree = "<group>"; };
		8DE6B03226808D9300F39706 /* FeedItemCell.xib */ = {isa = PBXFileReference; fileEncoding = 4; lastKnownFileType = file.xib; path = FeedItemCell.xib; sourceTree = "<group>"; };
		8DE6B0352680951500F39706 /* NibInstanceable+Reuseable.swift */ = {isa = PBXFileReference; lastKnownFileType = sourcecode.swift; path = "NibInstanceable+Reuseable.swift"; sourceTree = "<group>"; };
		8DE6B0372680963900F39706 /* Date+Ex.swift */ = {isa = PBXFileReference; lastKnownFileType = sourcecode.swift; path = "Date+Ex.swift"; sourceTree = "<group>"; };
		E75C5C0123890D9B4D2C8CC4 /* Pods-NanaSocialNetworkTests.debug.xcconfig */ = {isa = PBXFileReference; includeInIndex = 1; lastKnownFileType = text.xcconfig; name = "Pods-NanaSocialNetworkTests.debug.xcconfig"; path = "Target Support Files/Pods-NanaSocialNetworkTests/Pods-NanaSocialNetworkTests.debug.xcconfig"; sourceTree = "<group>"; };
/* End PBXFileReference section */

/* Begin PBXFrameworksBuildPhase section */
		8DE6AFBE267E186300F39706 /* Frameworks */ = {
			isa = PBXFrameworksBuildPhase;
			buildActionMask = 2147483647;
			files = (
				36B2FACF7B7B1C46DA093B41 /* Pods_NanaSocialNetwork.framework in Frameworks */,
			);
			runOnlyForDeploymentPostprocessing = 0;
		};
		8DE6B004267F78BF00F39706 /* Frameworks */ = {
			isa = PBXFrameworksBuildPhase;
			buildActionMask = 2147483647;
			files = (
				E37B6020178EF22C4273A94D /* Pods_NanaSocialNetworkTests.framework in Frameworks */,
			);
			runOnlyForDeploymentPostprocessing = 0;
		};
/* End PBXFrameworksBuildPhase section */

/* Begin PBXGroup section */
		7CC3B8F60710592B15A7F184 /* Frameworks */ = {
			isa = PBXGroup;
			children = (
				41052E09C98BFFEB225E7F02 /* Pods_NanaSocialNetwork.framework */,
				1C382F8E5F281482C0DC2E6F /* Pods_NanaSocialNetworkTests.framework */,
			);
			name = Frameworks;
			sourceTree = "<group>";
		};
		8B7A0FD855E4D420B6529E23 /* Pods */ = {
			isa = PBXGroup;
			children = (
				888879635B6A06E7BFAF9FA4 /* Pods-NanaSocialNetwork.debug.xcconfig */,
				3C53E1D909988D6405D2A814 /* Pods-NanaSocialNetwork.release.xcconfig */,
				E75C5C0123890D9B4D2C8CC4 /* Pods-NanaSocialNetworkTests.debug.xcconfig */,
				1558D5485CAAB2AFE8374E53 /* Pods-NanaSocialNetworkTests.release.xcconfig */,
			);
			path = Pods;
			sourceTree = "<group>";
		};
		8D8358DD2681C84E00E802FB /* Post */ = {
			isa = PBXGroup;
			children = (
				8D8358E02681C89100E802FB /* CreatePostViewModel.swift */,
				8D8358DE2681C88100E802FB /* CreatePostViewController.swift */,
			);
			path = Post;
			sourceTree = "<group>";
		};
		8DE6AFB8267E186300F39706 = {
			isa = PBXGroup;
			children = (
				8DE6AFC3267E186300F39706 /* NanaSocialNetwork */,
				8DE6B008267F78C000F39706 /* NanaSocialNetworkTests */,
				8DE6AFC2267E186300F39706 /* Products */,
				8B7A0FD855E4D420B6529E23 /* Pods */,
				7CC3B8F60710592B15A7F184 /* Frameworks */,
			);
			sourceTree = "<group>";
		};
		8DE6AFC2267E186300F39706 /* Products */ = {
			isa = PBXGroup;
			children = (
				8DE6AFC1267E186300F39706 /* NanaSocialNetwork.app */,
				8DE6B007267F78BF00F39706 /* NanaSocialNetworkTests.xctest */,
			);
			name = Products;
			sourceTree = "<group>";
		};
		8DE6AFC3267E186300F39706 /* NanaSocialNetwork */ = {
			isa = PBXGroup;
			children = (
				8DE6AFF1267EC22D00F39706 /* Commons */,
				8DE6AFDB267E1F9100F39706 /* Extensions */,
				8DE6AFDC267E1F9900F39706 /* Configurations */,
				8DE6AFD8267E1F5E00F39706 /* Application */,
				8DE6AFDA267E1F8800F39706 /* Services */,
				8DE6AFD9267E1F6F00F39706 /* Screens */,
				8DE6AFDD267E1FBA00F39706 /* Resources */,
				8DE6AFD2267E186700F39706 /* Info.plist */,
			);
			path = NanaSocialNetwork;
			sourceTree = "<group>";
		};
		8DE6AFD8267E1F5E00F39706 /* Application */ = {
			isa = PBXGroup;
			children = (
				8DE6AFC4267E186300F39706 /* AppDelegate.swift */,
				8DE6AFC6267E186300F39706 /* SceneDelegate.swift */,
			);
			path = Application;
			sourceTree = "<group>";
		};
		8DE6AFD9267E1F6F00F39706 /* Screens */ = {
			isa = PBXGroup;
			children = (
				8DE6AFE3267E210500F39706 /* Onboarding */,
				8DE6AFE4267E213600F39706 /* Home */,
			);
			path = Screens;
			sourceTree = "<group>";
		};
		8DE6AFDA267E1F8800F39706 /* Services */ = {
			isa = PBXGroup;
			children = (
				8DE6B0152680231C00F39706 /* ApiModels */,
				8DC140C02681769D00366F08 /* AuthenticationManager.swift */,
				8DE6AFF8267F39B300F39706 /* APIManager.swift */,
				8D0116842681D2A900DC3BE5 /* AppSession.swift */,
				8D0116862681E17400DC3BE5 /* Keychain.swift */,
			);
			path = Services;
			sourceTree = "<group>";
		};
		8DE6AFDB267E1F9100F39706 /* Extensions */ = {
			isa = PBXGroup;
			children = (
				8DE6AFFA267F414F00F39706 /* Foundation */,
				8DE6AFEB267EBBFB00F39706 /* UI */,
			);
			path = Extensions;
			sourceTree = "<group>";
		};
		8DE6AFDC267E1F9900F39706 /* Configurations */ = {
			isa = PBXGroup;
			children = (
				8DE6AFE9267EB0A500F39706 /* GoogleService-Info.plist */,
			);
			path = Configurations;
			sourceTree = "<group>";
		};
		8DE6AFDD267E1FBA00F39706 /* Resources */ = {
			isa = PBXGroup;
			children = (
				8DE6AFCF267E186700F39706 /* LaunchScreen.storyboard */,
				8DE6AFE5267E215000F39706 /* Home.storyboard */,
				8DE6AFDF267E208B00F39706 /* Onboarding.storyboard */,
				8DE6AFCD267E186700F39706 /* Assets.xcassets */,
				8DE6AFE1267E20AA00F39706 /* Colors.xcassets */,
			);
			path = Resources;
			sourceTree = "<group>";
		};
		8DE6AFE3267E210500F39706 /* Onboarding */ = {
			isa = PBXGroup;
			children = (
				8DE6B01A2680434400F39706 /* Register */,
				8DE6AFEE267EC12700F39706 /* Login */,
			);
			path = Onboarding;
			sourceTree = "<group>";
		};
		8DE6AFE4267E213600F39706 /* Home */ = {
			isa = PBXGroup;
			children = (
				8D8358DD2681C84E00E802FB /* Post */,
				8DE6B02526806BB500F39706 /* Profile */,
				8DE6B02426806B9A00F39706 /* Feed */,
			);
			path = Home;
			sourceTree = "<group>";
		};
		8DE6AFEB267EBBFB00F39706 /* UI */ = {
			isa = PBXGroup;
			children = (
				8DE6AFEC267EBC0800F39706 /* IBInspectables.swift */,
				8DE6AFF4267EC2D400F39706 /* UIView+Ex.swift */,
				8DE6AFF6267EC33100F39706 /* UIColor+Style.swift */,
				8DE6B001267F468300F39706 /* UIViewController+Ex.swift */,
				8DE6B0352680951500F39706 /* NibInstanceable+Reuseable.swift */,
			);
			path = UI;
			sourceTree = "<group>";
		};
		8DE6AFEE267EC12700F39706 /* Login */ = {
			isa = PBXGroup;
			children = (
				8DE6AFEF267EC14E00F39706 /* LoginViewModel.swift */,
				8DE6AFC8267E186300F39706 /* LoginViewController.swift */,
			);
			path = Login;
			sourceTree = "<group>";
		};
		8DE6AFF1267EC22D00F39706 /* Commons */ = {
			isa = PBXGroup;
			children = (
				8DE6B02C26806FF000F39706 /* Router */,
				8DE6AFF2267EC28900F39706 /* AppTextField.swift */,
				8DE6AFFD267F41F900F39706 /* AppLoading.swift */,
				8DE6B02A26806F9F00F39706 /* AppTabBarController.swift */,
			);
			path = Commons;
			sourceTree = "<group>";
		};
		8DE6AFFA267F414F00F39706 /* Foundation */ = {
			isa = PBXGroup;
			children = (
				8DE6AFFB267F415E00F39706 /* String+Ex.swift */,
				8DE6B0182680292400F39706 /* Error+Ex.swift */,
				8DE6B0372680963900F39706 /* Date+Ex.swift */,
			);
			path = Foundation;
			sourceTree = "<group>";
		};
		8DE6B008267F78C000F39706 /* NanaSocialNetworkTests */ = {
			isa = PBXGroup;
			children = (
				8DE6B009267F78C000F39706 /* LoginTests.swift */,
				8DE6B022268067C900F39706 /* RegisterTests.swift */,
				8DC140BE26816C2600366F08 /* ApiTests.swift */,
				8DE6B00B267F78C000F39706 /* Info.plist */,
			);
			path = NanaSocialNetworkTests;
			sourceTree = "<group>";
		};
		8DE6B0152680231C00F39706 /* ApiModels */ = {
			isa = PBXGroup;
			children = (
				8DE6B0162680233200F39706 /* AppUser.swift */,
				8DE6B02D268076B500F39706 /* FeedItem.swift */,
			);
			path = ApiModels;
			sourceTree = "<group>";
		};
		8DE6B01A2680434400F39706 /* Register */ = {
			isa = PBXGroup;
			children = (
				8DE6B01D2680437B00F39706 /* RegisterViewModel.swift */,
				8DE6B01B2680436800F39706 /* RegisterViewController.swift */,
			);
			path = Register;
			sourceTree = "<group>";
		};
		8DE6B02426806B9A00F39706 /* Feed */ = {
			isa = PBXGroup;
			children = (
				8DE6B02F26808D5200F39706 /* Cells */,
				8DE6B02826806C3000F39706 /* FeedViewModel.swift */,
				8DE6B02626806C1E00F39706 /* FeedViewController.swift */,
			);
			path = Feed;
			sourceTree = "<group>";
		};
		8DE6B02526806BB500F39706 /* Profile */ = {
			isa = PBXGroup;
			children = (
				8D01168B2681FBCD00DC3BE5 /* ProfileViewModel.swift */,
				8D0116892681FBC000DC3BE5 /* ProfileViewController.swift */,
			);
			path = Profile;
			sourceTree = "<group>";
		};
		8DE6B02C26806FF000F39706 /* Router */ = {
			isa = PBXGroup;
			children = (
				8DE6B02026804B6D00F39706 /* AppRouter.swift */,
			);
			path = Router;
			sourceTree = "<group>";
		};
		8DE6B02F26808D5200F39706 /* Cells */ = {
			isa = PBXGroup;
			children = (
				8DE6B03126808D9300F39706 /* FeedItemCell.swift */,
				8DE6B03226808D9300F39706 /* FeedItemCell.xib */,
			);
			path = Cells;
			sourceTree = "<group>";
		};
/* End PBXGroup section */

/* Begin PBXNativeTarget section */
		8DE6AFC0267E186300F39706 /* NanaSocialNetwork */ = {
			isa = PBXNativeTarget;
			buildConfigurationList = 8DE6AFD5267E186700F39706 /* Build configuration list for PBXNativeTarget "NanaSocialNetwork" */;
			buildPhases = (
				9D5A14EFB194E80671C035AC /* [CP] Check Pods Manifest.lock */,
				8DE6AFBD267E186300F39706 /* Sources */,
				8DE6AFBE267E186300F39706 /* Frameworks */,
				8DE6AFBF267E186300F39706 /* Resources */,
				9AF4D44F4903BAC13F9D2501 /* [CP] Embed Pods Frameworks */,
			);
			buildRules = (
			);
			dependencies = (
			);
			name = NanaSocialNetwork;
			productName = NanaSocialNetwork;
			productReference = 8DE6AFC1267E186300F39706 /* NanaSocialNetwork.app */;
			productType = "com.apple.product-type.application";
		};
		8DE6B006267F78BF00F39706 /* NanaSocialNetworkTests */ = {
			isa = PBXNativeTarget;
			buildConfigurationList = 8DE6B00E267F78C000F39706 /* Build configuration list for PBXNativeTarget "NanaSocialNetworkTests" */;
			buildPhases = (
				0E9ADD8C2823AC1A167753BC /* [CP] Check Pods Manifest.lock */,
				8DE6B003267F78BF00F39706 /* Sources */,
				8DE6B004267F78BF00F39706 /* Frameworks */,
				8DE6B005267F78BF00F39706 /* Resources */,
				9A8FBA3AA78AD2B878069D0D /* [CP] Embed Pods Frameworks */,
			);
			buildRules = (
			);
			dependencies = (
				8DE6B00D267F78C000F39706 /* PBXTargetDependency */,
			);
			name = NanaSocialNetworkTests;
			productName = NanaSocialNetworkTests;
			productReference = 8DE6B007267F78BF00F39706 /* NanaSocialNetworkTests.xctest */;
			productType = "com.apple.product-type.bundle.unit-test";
		};
/* End PBXNativeTarget section */

/* Begin PBXProject section */
		8DE6AFB9267E186300F39706 /* Project object */ = {
			isa = PBXProject;
			attributes = {
				LastSwiftUpdateCheck = 1250;
				LastUpgradeCheck = 1250;
				TargetAttributes = {
					8DE6AFC0267E186300F39706 = {
						CreatedOnToolsVersion = 12.5;
					};
					8DE6B006267F78BF00F39706 = {
						CreatedOnToolsVersion = 12.5;
						TestTargetID = 8DE6AFC0267E186300F39706;
					};
				};
			};
			buildConfigurationList = 8DE6AFBC267E186300F39706 /* Build configuration list for PBXProject "NanaSocialNetwork" */;
			compatibilityVersion = "Xcode 9.3";
			developmentRegion = en;
			hasScannedForEncodings = 0;
			knownRegions = (
				en,
				Base,
			);
			mainGroup = 8DE6AFB8267E186300F39706;
			productRefGroup = 8DE6AFC2267E186300F39706 /* Products */;
			projectDirPath = "";
			projectRoot = "";
			targets = (
				8DE6AFC0267E186300F39706 /* NanaSocialNetwork */,
				8DE6B006267F78BF00F39706 /* NanaSocialNetworkTests */,
			);
		};
/* End PBXProject section */

/* Begin PBXResourcesBuildPhase section */
		8DE6AFBF267E186300F39706 /* Resources */ = {
			isa = PBXResourcesBuildPhase;
			buildActionMask = 2147483647;
			files = (
				8DE6B03426808D9400F39706 /* FeedItemCell.xib in Resources */,
				8DE6AFE0267E208B00F39706 /* Onboarding.storyboard in Resources */,
				8DE6AFE6267E215000F39706 /* Home.storyboard in Resources */,
				8DE6AFE2267E20AA00F39706 /* Colors.xcassets in Resources */,
				8DE6AFD1267E186700F39706 /* LaunchScreen.storyboard in Resources */,
				8DE6AFCE267E186700F39706 /* Assets.xcassets in Resources */,
				8DE6AFEA267EB0A500F39706 /* GoogleService-Info.plist in Resources */,
			);
			runOnlyForDeploymentPostprocessing = 0;
		};
		8DE6B005267F78BF00F39706 /* Resources */ = {
			isa = PBXResourcesBuildPhase;
			buildActionMask = 2147483647;
			files = (
			);
			runOnlyForDeploymentPostprocessing = 0;
		};
/* End PBXResourcesBuildPhase section */

/* Begin PBXShellScriptBuildPhase section */
		0E9ADD8C2823AC1A167753BC /* [CP] Check Pods Manifest.lock */ = {
			isa = PBXShellScriptBuildPhase;
			buildActionMask = 2147483647;
			files = (
			);
			inputFileListPaths = (
			);
			inputPaths = (
				"${PODS_PODFILE_DIR_PATH}/Podfile.lock",
				"${PODS_ROOT}/Manifest.lock",
			);
			name = "[CP] Check Pods Manifest.lock";
			outputFileListPaths = (
			);
			outputPaths = (
				"$(DERIVED_FILE_DIR)/Pods-NanaSocialNetworkTests-checkManifestLockResult.txt",
			);
			runOnlyForDeploymentPostprocessing = 0;
			shellPath = /bin/sh;
			shellScript = "diff \"${PODS_PODFILE_DIR_PATH}/Podfile.lock\" \"${PODS_ROOT}/Manifest.lock\" > /dev/null\nif [ $? != 0 ] ; then\n    # print error to STDERR\n    echo \"error: The sandbox is not in sync with the Podfile.lock. Run 'pod install' or update your CocoaPods installation.\" >&2\n    exit 1\nfi\n# This output is used by Xcode 'outputs' to avoid re-running this script phase.\necho \"SUCCESS\" > \"${SCRIPT_OUTPUT_FILE_0}\"\n";
			showEnvVarsInLog = 0;
		};
		9A8FBA3AA78AD2B878069D0D /* [CP] Embed Pods Frameworks */ = {
			isa = PBXShellScriptBuildPhase;
			buildActionMask = 2147483647;
			files = (
			);
			inputFileListPaths = (
				"${PODS_ROOT}/Target Support Files/Pods-NanaSocialNetworkTests/Pods-NanaSocialNetworkTests-frameworks-${CONFIGURATION}-input-files.xcfilelist",
			);
			name = "[CP] Embed Pods Frameworks";
			outputFileListPaths = (
				"${PODS_ROOT}/Target Support Files/Pods-NanaSocialNetworkTests/Pods-NanaSocialNetworkTests-frameworks-${CONFIGURATION}-output-files.xcfilelist",
			);
			runOnlyForDeploymentPostprocessing = 0;
			shellPath = /bin/sh;
			shellScript = "\"${PODS_ROOT}/Target Support Files/Pods-NanaSocialNetworkTests/Pods-NanaSocialNetworkTests-frameworks.sh\"\n";
			showEnvVarsInLog = 0;
		};
		9AF4D44F4903BAC13F9D2501 /* [CP] Embed Pods Frameworks */ = {
			isa = PBXShellScriptBuildPhase;
			buildActionMask = 2147483647;
			files = (
			);
			inputFileListPaths = (
				"${PODS_ROOT}/Target Support Files/Pods-NanaSocialNetwork/Pods-NanaSocialNetwork-frameworks-${CONFIGURATION}-input-files.xcfilelist",
			);
			name = "[CP] Embed Pods Frameworks";
			outputFileListPaths = (
				"${PODS_ROOT}/Target Support Files/Pods-NanaSocialNetwork/Pods-NanaSocialNetwork-frameworks-${CONFIGURATION}-output-files.xcfilelist",
			);
			runOnlyForDeploymentPostprocessing = 0;
			shellPath = /bin/sh;
			shellScript = "\"${PODS_ROOT}/Target Support Files/Pods-NanaSocialNetwork/Pods-NanaSocialNetwork-frameworks.sh\"\n";
			showEnvVarsInLog = 0;
		};
		9D5A14EFB194E80671C035AC /* [CP] Check Pods Manifest.lock */ = {
			isa = PBXShellScriptBuildPhase;
			buildActionMask = 2147483647;
			files = (
			);
			inputFileListPaths = (
			);
			inputPaths = (
				"${PODS_PODFILE_DIR_PATH}/Podfile.lock",
				"${PODS_ROOT}/Manifest.lock",
			);
			name = "[CP] Check Pods Manifest.lock";
			outputFileListPaths = (
			);
			outputPaths = (
				"$(DERIVED_FILE_DIR)/Pods-NanaSocialNetwork-checkManifestLockResult.txt",
			);
			runOnlyForDeploymentPostprocessing = 0;
			shellPath = /bin/sh;
			shellScript = "diff \"${PODS_PODFILE_DIR_PATH}/Podfile.lock\" \"${PODS_ROOT}/Manifest.lock\" > /dev/null\nif [ $? != 0 ] ; then\n    # print error to STDERR\n    echo \"error: The sandbox is not in sync with the Podfile.lock. Run 'pod install' or update your CocoaPods installation.\" >&2\n    exit 1\nfi\n# This output is used by Xcode 'outputs' to avoid re-running this script phase.\necho \"SUCCESS\" > \"${SCRIPT_OUTPUT_FILE_0}\"\n";
			showEnvVarsInLog = 0;
		};
/* End PBXShellScriptBuildPhase section */

/* Begin PBXSourcesBuildPhase section */
		8DE6AFBD267E186300F39706 /* Sources */ = {
			isa = PBXSourcesBuildPhase;
			buildActionMask = 2147483647;
			files = (
				8DE6B03326808D9400F39706 /* FeedItemCell.swift in Sources */,
				8DE6AFC9267E186300F39706 /* LoginViewController.swift in Sources */,
				8DE6B02B26806F9F00F39706 /* AppTabBarController.swift in Sources */,
				8DE6B0362680951500F39706 /* NibInstanceable+Reuseable.swift in Sources */,
				8DE6B002267F468300F39706 /* UIViewController+Ex.swift in Sources */,
				8DE6B02726806C1F00F39706 /* FeedViewController.swift in Sources */,
				8DE6B02126804B6D00F39706 /* AppRouter.swift in Sources */,
				8D0116872681E17400DC3BE5 /* Keychain.swift in Sources */,
				8DE6AFFC267F415E00F39706 /* String+Ex.swift in Sources */,
				8DE6AFC5267E186300F39706 /* AppDelegate.swift in Sources */,
				8DE6AFC7267E186300F39706 /* SceneDelegate.swift in Sources */,
				8DE6AFF9267F39B300F39706 /* APIManager.swift in Sources */,
				8D01168C2681FBCD00DC3BE5 /* ProfileViewModel.swift in Sources */,
				8D01168A2681FBC000DC3BE5 /* ProfileViewController.swift in Sources */,
				8DE6AFF0267EC14E00F39706 /* LoginViewModel.swift in Sources */,
				8DC140C12681769D00366F08 /* AuthenticationManager.swift in Sources */,
				8DE6B01E2680437B00F39706 /* RegisterViewModel.swift in Sources */,
				8D8358DF2681C88100E802FB /* CreatePostViewController.swift in Sources */,
				8DE6B02E268076B600F39706 /* FeedItem.swift in Sources */,
				8D0116852681D2A900DC3BE5 /* AppSession.swift in Sources */,
				8DE6AFED267EBC0900F39706 /* IBInspectables.swift in Sources */,
				8D8358E12681C89100E802FB /* CreatePostViewModel.swift in Sources */,
				8DE6B0172680233300F39706 /* AppUser.swift in Sources */,
				8DE6AFFE267F41F900F39706 /* AppLoading.swift in Sources */,
				8DE6AFF3267EC28900F39706 /* AppTextField.swift in Sources */,
				8DE6B02926806C3000F39706 /* FeedViewModel.swift in Sources */,
				8DE6B0192680292400F39706 /* Error+Ex.swift in Sources */,
				8DE6B0382680963900F39706 /* Date+Ex.swift in Sources */,
				8DE6AFF5267EC2D400F39706 /* UIView+Ex.swift in Sources */,
				8DE6B01C2680436800F39706 /* RegisterViewController.swift in Sources */,
				8DE6AFF7267EC33100F39706 /* UIColor+Style.swift in Sources */,
			);
			runOnlyForDeploymentPostprocessing = 0;
		};
		8DE6B003267F78BF00F39706 /* Sources */ = {
			isa = PBXSourcesBuildPhase;
			buildActionMask = 2147483647;
			files = (
				8DE6B023268067C900F39706 /* RegisterTests.swift in Sources */,
				8DE6B00A267F78C000F39706 /* LoginTests.swift in Sources */,
				8DC140BF26816C2600366F08 /* ApiTests.swift in Sources */,
			);
			runOnlyForDeploymentPostprocessing = 0;
		};
/* End PBXSourcesBuildPhase section */

/* Begin PBXTargetDependency section */
		8DE6B00D267F78C000F39706 /* PBXTargetDependency */ = {
			isa = PBXTargetDependency;
			target = 8DE6AFC0267E186300F39706 /* NanaSocialNetwork */;
			targetProxy = 8DE6B00C267F78C000F39706 /* PBXContainerItemProxy */;
		};
/* End PBXTargetDependency section */

/* Begin PBXVariantGroup section */
		8DE6AFCF267E186700F39706 /* LaunchScreen.storyboard */ = {
			isa = PBXVariantGroup;
			children = (
				8DE6AFD0267E186700F39706 /* Base */,
			);
			name = LaunchScreen.storyboard;
			sourceTree = "<group>";
		};
/* End PBXVariantGroup section */

/* Begin XCBuildConfiguration section */
		8DE6AFD3267E186700F39706 /* Debug */ = {
			isa = XCBuildConfiguration;
			buildSettings = {
				ALWAYS_SEARCH_USER_PATHS = NO;
				CLANG_ANALYZER_NONNULL = YES;
				CLANG_ANALYZER_NUMBER_OBJECT_CONVERSION = YES_AGGRESSIVE;
				CLANG_CXX_LANGUAGE_STANDARD = "gnu++14";
				CLANG_CXX_LIBRARY = "libc++";
				CLANG_ENABLE_MODULES = YES;
				CLANG_ENABLE_OBJC_ARC = YES;
				CLANG_ENABLE_OBJC_WEAK = YES;
				CLANG_WARN_BLOCK_CAPTURE_AUTORELEASING = YES;
				CLANG_WARN_BOOL_CONVERSION = YES;
				CLANG_WARN_COMMA = YES;
				CLANG_WARN_CONSTANT_CONVERSION = YES;
				CLANG_WARN_DEPRECATED_OBJC_IMPLEMENTATIONS = YES;
				CLANG_WARN_DIRECT_OBJC_ISA_USAGE = YES_ERROR;
				CLANG_WARN_DOCUMENTATION_COMMENTS = YES;
				CLANG_WARN_EMPTY_BODY = YES;
				CLANG_WARN_ENUM_CONVERSION = YES;
				CLANG_WARN_INFINITE_RECURSION = YES;
				CLANG_WARN_INT_CONVERSION = YES;
				CLANG_WARN_NON_LITERAL_NULL_CONVERSION = YES;
				CLANG_WARN_OBJC_IMPLICIT_RETAIN_SELF = YES;
				CLANG_WARN_OBJC_LITERAL_CONVERSION = YES;
				CLANG_WARN_OBJC_ROOT_CLASS = YES_ERROR;
				CLANG_WARN_QUOTED_INCLUDE_IN_FRAMEWORK_HEADER = YES;
				CLANG_WARN_RANGE_LOOP_ANALYSIS = YES;
				CLANG_WARN_STRICT_PROTOTYPES = YES;
				CLANG_WARN_SUSPICIOUS_MOVE = YES;
				CLANG_WARN_UNGUARDED_AVAILABILITY = YES_AGGRESSIVE;
				CLANG_WARN_UNREACHABLE_CODE = YES;
				CLANG_WARN__DUPLICATE_METHOD_MATCH = YES;
				COPY_PHASE_STRIP = NO;
				DEBUG_INFORMATION_FORMAT = dwarf;
				ENABLE_STRICT_OBJC_MSGSEND = YES;
				ENABLE_TESTABILITY = YES;
				GCC_C_LANGUAGE_STANDARD = gnu11;
				GCC_DYNAMIC_NO_PIC = NO;
				GCC_NO_COMMON_BLOCKS = YES;
				GCC_OPTIMIZATION_LEVEL = 0;
				GCC_PREPROCESSOR_DEFINITIONS = (
					"DEBUG=1",
					"$(inherited)",
				);
				GCC_WARN_64_TO_32_BIT_CONVERSION = YES;
				GCC_WARN_ABOUT_RETURN_TYPE = YES_ERROR;
				GCC_WARN_UNDECLARED_SELECTOR = YES;
				GCC_WARN_UNINITIALIZED_AUTOS = YES_AGGRESSIVE;
				GCC_WARN_UNUSED_FUNCTION = YES;
				GCC_WARN_UNUSED_VARIABLE = YES;
				IPHONEOS_DEPLOYMENT_TARGET = 14.5;
				MTL_ENABLE_DEBUG_INFO = INCLUDE_SOURCE;
				MTL_FAST_MATH = YES;
				ONLY_ACTIVE_ARCH = YES;
				SDKROOT = iphoneos;
				SWIFT_ACTIVE_COMPILATION_CONDITIONS = DEBUG;
				SWIFT_OPTIMIZATION_LEVEL = "-Onone";
			};
			name = Debug;
		};
		8DE6AFD4267E186700F39706 /* Release */ = {
			isa = XCBuildConfiguration;
			buildSettings = {
				ALWAYS_SEARCH_USER_PATHS = NO;
				CLANG_ANALYZER_NONNULL = YES;
				CLANG_ANALYZER_NUMBER_OBJECT_CONVERSION = YES_AGGRESSIVE;
				CLANG_CXX_LANGUAGE_STANDARD = "gnu++14";
				CLANG_CXX_LIBRARY = "libc++";
				CLANG_ENABLE_MODULES = YES;
				CLANG_ENABLE_OBJC_ARC = YES;
				CLANG_ENABLE_OBJC_WEAK = YES;
				CLANG_WARN_BLOCK_CAPTURE_AUTORELEASING = YES;
				CLANG_WARN_BOOL_CONVERSION = YES;
				CLANG_WARN_COMMA = YES;
				CLANG_WARN_CONSTANT_CONVERSION = YES;
				CLANG_WARN_DEPRECATED_OBJC_IMPLEMENTATIONS = YES;
				CLANG_WARN_DIRECT_OBJC_ISA_USAGE = YES_ERROR;
				CLANG_WARN_DOCUMENTATION_COMMENTS = YES;
				CLANG_WARN_EMPTY_BODY = YES;
				CLANG_WARN_ENUM_CONVERSION = YES;
				CLANG_WARN_INFINITE_RECURSION = YES;
				CLANG_WARN_INT_CONVERSION = YES;
				CLANG_WARN_NON_LITERAL_NULL_CONVERSION = YES;
				CLANG_WARN_OBJC_IMPLICIT_RETAIN_SELF = YES;
				CLANG_WARN_OBJC_LITERAL_CONVERSION = YES;
				CLANG_WARN_OBJC_ROOT_CLASS = YES_ERROR;
				CLANG_WARN_QUOTED_INCLUDE_IN_FRAMEWORK_HEADER = YES;
				CLANG_WARN_RANGE_LOOP_ANALYSIS = YES;
				CLANG_WARN_STRICT_PROTOTYPES = YES;
				CLANG_WARN_SUSPICIOUS_MOVE = YES;
				CLANG_WARN_UNGUARDED_AVAILABILITY = YES_AGGRESSIVE;
				CLANG_WARN_UNREACHABLE_CODE = YES;
				CLANG_WARN__DUPLICATE_METHOD_MATCH = YES;
				COPY_PHASE_STRIP = NO;
				DEBUG_INFORMATION_FORMAT = "dwarf-with-dsym";
				ENABLE_NS_ASSERTIONS = NO;
				ENABLE_STRICT_OBJC_MSGSEND = YES;
				GCC_C_LANGUAGE_STANDARD = gnu11;
				GCC_NO_COMMON_BLOCKS = YES;
				GCC_WARN_64_TO_32_BIT_CONVERSION = YES;
				GCC_WARN_ABOUT_RETURN_TYPE = YES_ERROR;
				GCC_WARN_UNDECLARED_SELECTOR = YES;
				GCC_WARN_UNINITIALIZED_AUTOS = YES_AGGRESSIVE;
				GCC_WARN_UNUSED_FUNCTION = YES;
				GCC_WARN_UNUSED_VARIABLE = YES;
				IPHONEOS_DEPLOYMENT_TARGET = 14.5;
				MTL_ENABLE_DEBUG_INFO = NO;
				MTL_FAST_MATH = YES;
				SDKROOT = iphoneos;
				SWIFT_COMPILATION_MODE = wholemodule;
				SWIFT_OPTIMIZATION_LEVEL = "-O";
				VALIDATE_PRODUCT = YES;
			};
			name = Release;
		};
		8DE6AFD6267E186700F39706 /* Debug */ = {
			isa = XCBuildConfiguration;
			baseConfigurationReference = 888879635B6A06E7BFAF9FA4 /* Pods-NanaSocialNetwork.debug.xcconfig */;
			buildSettings = {
				ASSETCATALOG_COMPILER_APPICON_NAME = AppIcon;
				ASSETCATALOG_COMPILER_GLOBAL_ACCENT_COLOR_NAME = AccentColor;
				CODE_SIGN_STYLE = Automatic;
				DEVELOPMENT_TEAM = 2UQ7B5ZUC9;
				INFOPLIST_FILE = NanaSocialNetwork/Info.plist;
				IPHONEOS_DEPLOYMENT_TARGET = 11.0;
				LD_RUNPATH_SEARCH_PATHS = (
					"$(inherited)",
					"@executable_path/Frameworks",
				);
				PRODUCT_BUNDLE_IDENTIFIER = com.nana.socialnetwork;
				PRODUCT_NAME = "$(TARGET_NAME)";
				SWIFT_VERSION = 5.0;
				TARGETED_DEVICE_FAMILY = 1;
			};
			name = Debug;
		};
		8DE6AFD7267E186700F39706 /* Release */ = {
			isa = XCBuildConfiguration;
			baseConfigurationReference = 3C53E1D909988D6405D2A814 /* Pods-NanaSocialNetwork.release.xcconfig */;
			buildSettings = {
				ASSETCATALOG_COMPILER_APPICON_NAME = AppIcon;
				ASSETCATALOG_COMPILER_GLOBAL_ACCENT_COLOR_NAME = AccentColor;
				CODE_SIGN_STYLE = Automatic;
				DEVELOPMENT_TEAM = 2UQ7B5ZUC9;
				INFOPLIST_FILE = NanaSocialNetwork/Info.plist;
				IPHONEOS_DEPLOYMENT_TARGET = 11.0;
				LD_RUNPATH_SEARCH_PATHS = (
					"$(inherited)",
					"@executable_path/Frameworks",
				);
				PRODUCT_BUNDLE_IDENTIFIER = com.nana.socialnetwork;
				PRODUCT_NAME = "$(TARGET_NAME)";
				SWIFT_VERSION = 5.0;
				TARGETED_DEVICE_FAMILY = 1;
			};
			name = Release;
		};
		8DE6B00F267F78C000F39706 /* Debug */ = {
			isa = XCBuildConfiguration;
			baseConfigurationReference = E75C5C0123890D9B4D2C8CC4 /* Pods-NanaSocialNetworkTests.debug.xcconfig */;
			buildSettings = {
				BUNDLE_LOADER = "$(TEST_HOST)";
				CODE_SIGN_STYLE = Automatic;
				DEVELOPMENT_TEAM = 2UQ7B5ZUC9;
				INFOPLIST_FILE = NanaSocialNetworkTests/Info.plist;
				IPHONEOS_DEPLOYMENT_TARGET = 11.0;
				LD_RUNPATH_SEARCH_PATHS = (
					"$(inherited)",
					"@executable_path/Frameworks",
					"@loader_path/Frameworks",
				);
				PRODUCT_BUNDLE_IDENTIFIER = com.montakarn.srikritsanarat.NanaSocialNetworkTests;
				PRODUCT_NAME = "$(TARGET_NAME)";
				SWIFT_VERSION = 5.0;
				TARGETED_DEVICE_FAMILY = 1;
				TEST_HOST = "$(BUILT_PRODUCTS_DIR)/NanaSocialNetwork.app/NanaSocialNetwork";
			};
			name = Debug;
		};
		8DE6B010267F78C000F39706 /* Release */ = {
			isa = XCBuildConfiguration;
			baseConfigurationReference = 1558D5485CAAB2AFE8374E53 /* Pods-NanaSocialNetworkTests.release.xcconfig */;
			buildSettings = {
				BUNDLE_LOADER = "$(TEST_HOST)";
				CODE_SIGN_STYLE = Automatic;
				DEVELOPMENT_TEAM = 2UQ7B5ZUC9;
				INFOPLIST_FILE = NanaSocialNetworkTests/Info.plist;
				IPHONEOS_DEPLOYMENT_TARGET = 11.0;
				LD_RUNPATH_SEARCH_PATHS = (
					"$(inherited)",
					"@executable_path/Frameworks",
					"@loader_path/Frameworks",
				);
				PRODUCT_BUNDLE_IDENTIFIER = com.montakarn.srikritsanarat.NanaSocialNetworkTests;
				PRODUCT_NAME = "$(TARGET_NAME)";
				SWIFT_VERSION = 5.0;
				TARGETED_DEVICE_FAMILY = 1;
				TEST_HOST = "$(BUILT_PRODUCTS_DIR)/NanaSocialNetwork.app/NanaSocialNetwork";
			};
			name = Release;
		};
/* End XCBuildConfiguration section */

/* Begin XCConfigurationList section */
		8DE6AFBC267E186300F39706 /* Build configuration list for PBXProject "NanaSocialNetwork" */ = {
			isa = XCConfigurationList;
			buildConfigurations = (
				8DE6AFD3267E186700F39706 /* Debug */,
				8DE6AFD4267E186700F39706 /* Release */,
			);
			defaultConfigurationIsVisible = 0;
			defaultConfigurationName = Release;
		};
		8DE6AFD5267E186700F39706 /* Build configuration list for PBXNativeTarget "NanaSocialNetwork" */ = {
			isa = XCConfigurationList;
			buildConfigurations = (
				8DE6AFD6267E186700F39706 /* Debug */,
				8DE6AFD7267E186700F39706 /* Release */,
			);
			defaultConfigurationIsVisible = 0;
			defaultConfigurationName = Release;
		};
		8DE6B00E267F78C000F39706 /* Build configuration list for PBXNativeTarget "NanaSocialNetworkTests" */ = {
			isa = XCConfigurationList;
			buildConfigurations = (
				8DE6B00F267F78C000F39706 /* Debug */,
				8DE6B010267F78C000F39706 /* Release */,
			);
			defaultConfigurationIsVisible = 0;
			defaultConfigurationName = Release;
		};
/* End XCConfigurationList section */
	};
	rootObject = 8DE6AFB9267E186300F39706 /* Project object */;
}
